
Microsoft Visual Studio Solution File, Format Version 12.00
# Visual Studio Version 16
VisualStudioVersion = 16.0.29215.179
MinimumVisualStudioVersion = 10.0.40219.1
Project("{9A19103F-16F7-4668-BE54-9A1E7A4F7556}") = "SIMDTutorial", "SIMDTutorial.csproj", "{BCD27011-619B-450C-97A9-B0EA357893F4}"
EndProject
Project("{FAE04EC0-301F-11D3-BF4B-00C04F79EFBC}") = "Benchmarks", "Benchmarks\Benchmarks.csproj", "{1B45BA20-A5DE-418B-B985-1EEC301F4FC3}"
EndProject
Global
	GlobalSection(SolutionConfigurationPlatforms) = preSolution
		Debug|Any CPU = Debug|Any CPU
		Release|Any CPU = Release|Any CPU
	EndGlobalSection
	GlobalSection(ProjectConfigurationPlatforms) = postSolution
		{BCD27011-619B-450C-97A9-B0EA357893F4}.Debug|Any CPU.ActiveCfg = Debug|Any CPU
		{BCD27011-619B-450C-97A9-B0EA357893F4}.Debug|Any CPU.Build.0 = Debug|Any CPU
		{BCD27011-619B-450C-97A9-B0EA357893F4}.Release|Any CPU.ActiveCfg = Release|Any CPU
		{BCD27011-619B-450C-97A9-B0EA357893F4}.Release|Any CPU.Build.0 = Release|Any CPU
		{1B45BA20-A5DE-418B-B985-1EEC301F4FC3}.Debug|Any CPU.ActiveCfg = Debug|Any CPU
		{1B45BA20-A5DE-418B-B985-1EEC301F4FC3}.Debug|Any CPU.Build.0 = Debug|Any CPU
		{1B45BA20-A5DE-418B-B985-1EEC301F4FC3}.Release|Any CPU.ActiveCfg = Release|Any CPU
		{1B45BA20-A5DE-418B-B985-1EEC301F4FC3}.Release|Any CPU.Build.0 = Release|Any CPU
	EndGlobalSection
	GlobalSection(SolutionProperties) = preSolution
		HideSolutionNode = FALSE
	EndGlobalSection
	GlobalSection(ExtensibilityGlobals) = postSolution
		SolutionGuid = {38019DA5-952A-4A80-9377-651AFE20FF0F}
	EndGlobalSection
EndGlobal
